
Microsoft Visual Studio Solution File, Format Version 12.00
# Visual Studio 15
VisualStudioVersion = 15.0.28307.421
MinimumVisualStudioVersion = 10.0.40219.1
Project("{FAE04EC0-301F-11D3-BF4B-00C04F79EFBC}") = "Main", "Main.csproj", "{7BEECA35-D680-414F-848D-ADCFBFAC15FA}"
EndProject
Project("{FAE04EC0-301F-11D3-BF4B-00C04F79EFBC}") = "Les2.1", "..\Lesson2\Lesson2.1\Les2.1.csproj", "{C9EDE71F-4FC1-4D2C-99B1-7DC474456659}"
EndProject
Project("{FAE04EC0-301F-11D3-BF4B-00C04F79EFBC}") = "Les2.6", "..\Lesson2\Lesson2.6\Les2.6.csproj", "{E9A0A8C9-7747-499F-987E-348B7049D0F4}"
EndProject
Project("{2150E333-8FDC-42A3-9474-1A3956D46DE8}") = "Lesson2", "Lesson2", "{9063D196-8B0C-4C93-BBC0-06ECBD1D38F6}"
EndProject
Project("{2150E333-8FDC-42A3-9474-1A3956D46DE8}") = "Lesson3", "Lesson3", "{7EDF7D41-D344-4CD9-8E91-A956A7CB6788}"
EndProject
Project("{FAE04EC0-301F-11D3-BF4B-00C04F79EFBC}") = "Les3.1", "..\Lesson3\Lesson3.1\Les3.1.csproj", "{8F035FE8-168F-4EAF-824A-1E40D9F378B3}"
EndProject
Project("{FAE04EC0-301F-11D3-BF4B-00C04F79EFBC}") = "Lesson3.2", "..\Lesson3\Lesson3.2\Lesson3.2.csproj", "{C8FA381B-7D40-416C-96E8-A3D02DCBF30C}"
EndProject
Project("{FAE04EC0-301F-11D3-BF4B-00C04F79EFBC}") = "Lesson3.7", "..\Lesson3\Lesson3.7\Lesson3.7.csproj", "{9EB162F4-F371-407B-A708-9BE02DB3BDBC}"
EndProject
Project("{FAE04EC0-301F-11D3-BF4B-00C04F79EFBC}") = "Lesson3.3", "..\Lesson3\Lesson3.3\Lesson3.3.csproj", "{1F6BB7E5-389C-4E7B-A1CF-94D3460F4227}"
EndProject
Project("{FAE04EC0-301F-11D3-BF4B-00C04F79EFBC}") = "Lesson3.4", "..\Lesson3\Lesson3.4\Lesson3.4.csproj", "{2E7BBE1C-E7E0-4E49-94D4-2D3F2260278A}"
EndProject
Project("{FAE04EC0-301F-11D3-BF4B-00C04F79EFBC}") = "Lesson3.5", "..\Lesson3\Lesson3.5\Lesson3.5.csproj", "{5254F7A6-F074-4C22-9CC9-7A66C1DA363C}"
EndProject
Project("{FAE04EC0-301F-11D3-BF4B-00C04F79EFBC}") = "Lesson3.6", "..\Lesson3\Lesson3.6\Lesson3.6.csproj", "{BD2833A2-6F14-44D1-92FD-17C23D25772C}"
EndProject
Project("{FAE04EC0-301F-11D3-BF4B-00C04F79EFBC}") = "Lesson3.3altered", "..\Lesson3\Lesson3.3altered\Lesson3.3altered.csproj", "{47ABF8E7-0F6D-4EFB-9E61-CA94E7BC87B6}"
EndProject
Project("{FAE04EC0-301F-11D3-BF4B-00C04F79EFBC}") = "Lesson3.5altered", "..\Lesson3\Lesson3.5altered\Lesson3.5altered.csproj", "{017B6036-84CD-4D31-83C2-8B597322E57B}"
EndProject
Project("{2150E333-8FDC-42A3-9474-1A3956D46DE8}") = "Lesson4", "Lesson4", "{77961004-6163-48AE-8DAC-E48D1FFA5DBD}"
EndProject
Project("{FAE04EC0-301F-11D3-BF4B-00C04F79EFBC}") = "Lesson4.1", "..\Lesson4\Lesson4.1\Lesson4.1.csproj", "{3C0537A9-F89F-44A7-B69E-25CCE9AEED98}"
EndProject
Project("{FAE04EC0-301F-11D3-BF4B-00C04F79EFBC}") = "Lesson4.3.1", "..\Lesson4\Lesson4.3.1\Lesson4.3.1.csproj", "{4E2F7858-C9CD-441E-8B8C-5BCD0FEC7F66}"
EndProject
Project("{FAE04EC0-301F-11D3-BF4B-00C04F79EFBC}") = "Lesson4.3.2", "..\Lesson4\Lesson4.3.2\Lesson4.3.2.csproj", "{D7548742-4960-49D4-A978-0E9D10A00C7B}"
EndProject
Project("{FAE04EC0-301F-11D3-BF4B-00C04F79EFBC}") = "Lesson4.3.3", "..\Lesson4\Lesson4.3.3\Lesson4.3.3.csproj", "{496E5CE8-AB35-4F2F-9914-CB60AD43BF24}"
EndProject
Project("{FAE04EC0-301F-11D3-BF4B-00C04F79EFBC}") = "Lesson5", "..\Lesson5\Lesson5\Lesson5.csproj", "{469D2046-03BE-4FB2-9D48-615B5003A5AD}"
EndProject
Project("{FAE04EC0-301F-11D3-BF4B-00C04F79EFBC}") = "Lesson3.7altered", "..\Lesson3\Lesson3.7altered\Lesson3.7altered.csproj", "{933CED09-C5CE-4FC4-83DD-3E5CD66D03EE}"
EndProject
Global
	GlobalSection(SolutionConfigurationPlatforms) = preSolution
		Debug|Any CPU = Debug|Any CPU
		Release|Any CPU = Release|Any CPU
	EndGlobalSection
	GlobalSection(ProjectConfigurationPlatforms) = postSolution
		{7BEECA35-D680-414F-848D-ADCFBFAC15FA}.Debug|Any CPU.ActiveCfg = Debug|Any CPU
		{7BEECA35-D680-414F-848D-ADCFBFAC15FA}.Debug|Any CPU.Build.0 = Debug|Any CPU
		{7BEECA35-D680-414F-848D-ADCFBFAC15FA}.Release|Any CPU.ActiveCfg = Release|Any CPU
		{7BEECA35-D680-414F-848D-ADCFBFAC15FA}.Release|Any CPU.Build.0 = Release|Any CPU
		{C9EDE71F-4FC1-4D2C-99B1-7DC474456659}.Debug|Any CPU.ActiveCfg = Debug|Any CPU
		{C9EDE71F-4FC1-4D2C-99B1-7DC474456659}.Debug|Any CPU.Build.0 = Debug|Any CPU
		{C9EDE71F-4FC1-4D2C-99B1-7DC474456659}.Release|Any CPU.ActiveCfg = Release|Any CPU
		{C9EDE71F-4FC1-4D2C-99B1-7DC474456659}.Release|Any CPU.Build.0 = Release|Any CPU
		{E9A0A8C9-7747-499F-987E-348B7049D0F4}.Debug|Any CPU.ActiveCfg = Debug|Any CPU
		{E9A0A8C9-7747-499F-987E-348B7049D0F4}.Debug|Any CPU.Build.0 = Debug|Any CPU
		{E9A0A8C9-7747-499F-987E-348B7049D0F4}.Release|Any CPU.ActiveCfg = Release|Any CPU
		{E9A0A8C9-7747-499F-987E-348B7049D0F4}.Release|Any CPU.Build.0 = Release|Any CPU
		{8F035FE8-168F-4EAF-824A-1E40D9F378B3}.Debug|Any CPU.ActiveCfg = Debug|Any CPU
		{8F035FE8-168F-4EAF-824A-1E40D9F378B3}.Debug|Any CPU.Build.0 = Debug|Any CPU
		{8F035FE8-168F-4EAF-824A-1E40D9F378B3}.Release|Any CPU.ActiveCfg = Release|Any CPU
		{8F035FE8-168F-4EAF-824A-1E40D9F378B3}.Release|Any CPU.Build.0 = Release|Any CPU
		{C8FA381B-7D40-416C-96E8-A3D02DCBF30C}.Debug|Any CPU.ActiveCfg = Debug|Any CPU
		{C8FA381B-7D40-416C-96E8-A3D02DCBF30C}.Debug|Any CPU.Build.0 = Debug|Any CPU
		{C8FA381B-7D40-416C-96E8-A3D02DCBF30C}.Release|Any CPU.ActiveCfg = Release|Any CPU
		{C8FA381B-7D40-416C-96E8-A3D02DCBF30C}.Release|Any CPU.Build.0 = Release|Any CPU
		{9EB162F4-F371-407B-A708-9BE02DB3BDBC}.Debug|Any CPU.ActiveCfg = Debug|Any CPU
		{9EB162F4-F371-407B-A708-9BE02DB3BDBC}.Debug|Any CPU.Build.0 = Debug|Any CPU
		{9EB162F4-F371-407B-A708-9BE02DB3BDBC}.Release|Any CPU.ActiveCfg = Release|Any CPU
		{9EB162F4-F371-407B-A708-9BE02DB3BDBC}.Release|Any CPU.Build.0 = Release|Any CPU
		{1F6BB7E5-389C-4E7B-A1CF-94D3460F4227}.Debug|Any CPU.ActiveCfg = Debug|Any CPU
		{1F6BB7E5-389C-4E7B-A1CF-94D3460F4227}.Debug|Any CPU.Build.0 = Debug|Any CPU
		{1F6BB7E5-389C-4E7B-A1CF-94D3460F4227}.Release|Any CPU.ActiveCfg = Release|Any CPU
		{1F6BB7E5-389C-4E7B-A1CF-94D3460F4227}.Release|Any CPU.Build.0 = Release|Any CPU
		{2E7BBE1C-E7E0-4E49-94D4-2D3F2260278A}.Debug|Any CPU.ActiveCfg = Debug|Any CPU
		{2E7BBE1C-E7E0-4E49-94D4-2D3F2260278A}.Debug|Any CPU.Build.0 = Debug|Any CPU
		{2E7BBE1C-E7E0-4E49-94D4-2D3F2260278A}.Release|Any CPU.ActiveCfg = Release|Any CPU
		{2E7BBE1C-E7E0-4E49-94D4-2D3F2260278A}.Release|Any CPU.Build.0 = Release|Any CPU
		{5254F7A6-F074-4C22-9CC9-7A66C1DA363C}.Debug|Any CPU.ActiveCfg = Debug|Any CPU
		{5254F7A6-F074-4C22-9CC9-7A66C1DA363C}.Debug|Any CPU.Build.0 = Debug|Any CPU
		{5254F7A6-F074-4C22-9CC9-7A66C1DA363C}.Release|Any CPU.ActiveCfg = Release|Any CPU
		{5254F7A6-F074-4C22-9CC9-7A66C1DA363C}.Release|Any CPU.Build.0 = Release|Any CPU
		{BD2833A2-6F14-44D1-92FD-17C23D25772C}.Debug|Any CPU.ActiveCfg = Debug|Any CPU
		{BD2833A2-6F14-44D1-92FD-17C23D25772C}.Debug|Any CPU.Build.0 = Debug|Any CPU
		{BD2833A2-6F14-44D1-92FD-17C23D25772C}.Release|Any CPU.ActiveCfg = Release|Any CPU
		{BD2833A2-6F14-44D1-92FD-17C23D25772C}.Release|Any CPU.Build.0 = Release|Any CPU
		{47ABF8E7-0F6D-4EFB-9E61-CA94E7BC87B6}.Debug|Any CPU.ActiveCfg = Debug|Any CPU
		{47ABF8E7-0F6D-4EFB-9E61-CA94E7BC87B6}.Debug|Any CPU.Build.0 = Debug|Any CPU
		{47ABF8E7-0F6D-4EFB-9E61-CA94E7BC87B6}.Release|Any CPU.ActiveCfg = Release|Any CPU
		{47ABF8E7-0F6D-4EFB-9E61-CA94E7BC87B6}.Release|Any CPU.Build.0 = Release|Any CPU
		{017B6036-84CD-4D31-83C2-8B597322E57B}.Debug|Any CPU.ActiveCfg = Debug|Any CPU
		{017B6036-84CD-4D31-83C2-8B597322E57B}.Debug|Any CPU.Build.0 = Debug|Any CPU
		{017B6036-84CD-4D31-83C2-8B597322E57B}.Release|Any CPU.ActiveCfg = Release|Any CPU
		{017B6036-84CD-4D31-83C2-8B597322E57B}.Release|Any CPU.Build.0 = Release|Any CPU
		{3C0537A9-F89F-44A7-B69E-25CCE9AEED98}.Debug|Any CPU.ActiveCfg = Debug|Any CPU
		{3C0537A9-F89F-44A7-B69E-25CCE9AEED98}.Debug|Any CPU.Build.0 = Debug|Any CPU
		{3C0537A9-F89F-44A7-B69E-25CCE9AEED98}.Release|Any CPU.ActiveCfg = Release|Any CPU
		{3C0537A9-F89F-44A7-B69E-25CCE9AEED98}.Release|Any CPU.Build.0 = Release|Any CPU
		{4E2F7858-C9CD-441E-8B8C-5BCD0FEC7F66}.Debug|Any CPU.ActiveCfg = Debug|Any CPU
		{4E2F7858-C9CD-441E-8B8C-5BCD0FEC7F66}.Debug|Any CPU.Build.0 = Debug|Any CPU
		{4E2F7858-C9CD-441E-8B8C-5BCD0FEC7F66}.Release|Any CPU.ActiveCfg = Release|Any CPU
		{4E2F7858-C9CD-441E-8B8C-5BCD0FEC7F66}.Release|Any CPU.Build.0 = Release|Any CPU
		{D7548742-4960-49D4-A978-0E9D10A00C7B}.Debug|Any CPU.ActiveCfg = Debug|Any CPU
		{D7548742-4960-49D4-A978-0E9D10A00C7B}.Debug|Any CPU.Build.0 = Debug|Any CPU
		{D7548742-4960-49D4-A978-0E9D10A00C7B}.Release|Any CPU.ActiveCfg = Release|Any CPU
		{D7548742-4960-49D4-A978-0E9D10A00C7B}.Release|Any CPU.Build.0 = Release|Any CPU
		{496E5CE8-AB35-4F2F-9914-CB60AD43BF24}.Debug|Any CPU.ActiveCfg = Debug|Any CPU
		{496E5CE8-AB35-4F2F-9914-CB60AD43BF24}.Debug|Any CPU.Build.0 = Debug|Any CPU
		{496E5CE8-AB35-4F2F-9914-CB60AD43BF24}.Release|Any CPU.ActiveCfg = Release|Any CPU
		{496E5CE8-AB35-4F2F-9914-CB60AD43BF24}.Release|Any CPU.Build.0 = Release|Any CPU
		{469D2046-03BE-4FB2-9D48-615B5003A5AD}.Debug|Any CPU.ActiveCfg = Debug|Any CPU
		{469D2046-03BE-4FB2-9D48-615B5003A5AD}.Debug|Any CPU.Build.0 = Debug|Any CPU
		{469D2046-03BE-4FB2-9D48-615B5003A5AD}.Release|Any CPU.ActiveCfg = Release|Any CPU
		{469D2046-03BE-4FB2-9D48-615B5003A5AD}.Release|Any CPU.Build.0 = Release|Any CPU
		{933CED09-C5CE-4FC4-83DD-3E5CD66D03EE}.Debug|Any CPU.ActiveCfg = Debug|Any CPU
		{933CED09-C5CE-4FC4-83DD-3E5CD66D03EE}.Debug|Any CPU.Build.0 = Debug|Any CPU
		{933CED09-C5CE-4FC4-83DD-3E5CD66D03EE}.Release|Any CPU.ActiveCfg = Release|Any CPU
		{933CED09-C5CE-4FC4-83DD-3E5CD66D03EE}.Release|Any CPU.Build.0 = Release|Any CPU
	EndGlobalSection
	GlobalSection(SolutionProperties) = preSolution
		HideSolutionNode = FALSE
	EndGlobalSection
	GlobalSection(NestedProjects) = preSolution
		{C9EDE71F-4FC1-4D2C-99B1-7DC474456659} = {9063D196-8B0C-4C93-BBC0-06ECBD1D38F6}
		{E9A0A8C9-7747-499F-987E-348B7049D0F4} = {9063D196-8B0C-4C93-BBC0-06ECBD1D38F6}
		{8F035FE8-168F-4EAF-824A-1E40D9F378B3} = {7EDF7D41-D344-4CD9-8E91-A956A7CB6788}
		{C8FA381B-7D40-416C-96E8-A3D02DCBF30C} = {7EDF7D41-D344-4CD9-8E91-A956A7CB6788}
		{9EB162F4-F371-407B-A708-9BE02DB3BDBC} = {7EDF7D41-D344-4CD9-8E91-A956A7CB6788}
		{1F6BB7E5-389C-4E7B-A1CF-94D3460F4227} = {7EDF7D41-D344-4CD9-8E91-A956A7CB6788}
		{2E7BBE1C-E7E0-4E49-94D4-2D3F2260278A} = {7EDF7D41-D344-4CD9-8E91-A956A7CB6788}
		{5254F7A6-F074-4C22-9CC9-7A66C1DA363C} = {7EDF7D41-D344-4CD9-8E91-A956A7CB6788}
		{BD2833A2-6F14-44D1-92FD-17C23D25772C} = {7EDF7D41-D344-4CD9-8E91-A956A7CB6788}
		{47ABF8E7-0F6D-4EFB-9E61-CA94E7BC87B6} = {7EDF7D41-D344-4CD9-8E91-A956A7CB6788}
		{017B6036-84CD-4D31-83C2-8B597322E57B} = {7EDF7D41-D344-4CD9-8E91-A956A7CB6788}
		{3C0537A9-F89F-44A7-B69E-25CCE9AEED98} = {77961004-6163-48AE-8DAC-E48D1FFA5DBD}
		{4E2F7858-C9CD-441E-8B8C-5BCD0FEC7F66} = {77961004-6163-48AE-8DAC-E48D1FFA5DBD}
		{D7548742-4960-49D4-A978-0E9D10A00C7B} = {77961004-6163-48AE-8DAC-E48D1FFA5DBD}
		{496E5CE8-AB35-4F2F-9914-CB60AD43BF24} = {77961004-6163-48AE-8DAC-E48D1FFA5DBD}
		{933CED09-C5CE-4FC4-83DD-3E5CD66D03EE} = {7EDF7D41-D344-4CD9-8E91-A956A7CB6788}
	EndGlobalSection
	GlobalSection(ExtensibilityGlobals) = postSolution
		SolutionGuid = {687BE69F-6CCF-401A-998F-10D05133DCF3}
	EndGlobalSection
EndGlobal
